
Microsoft Visual Studio Solution File, Format Version 12.00
# Visual Studio 2013
VisualStudioVersion = 12.0.31101.0
MinimumVisualStudioVersion = 10.0.40219.1
Project("{FAE04EC0-301F-11D3-BF4B-00C04F79EFBC}") = "UI.Web", "UI.Web\UI.Web.csproj", "{59823982-F863-438E-B2F8-DF20A214A445}"
EndProject
Project("{FAE04EC0-301F-11D3-BF4B-00C04F79EFBC}") = "RegisterUser", "RegisterUser\RegisterUser.csproj", "{45AC45BA-452D-4505-A90D-0BD9DC74C7E2}"
EndProject
Global
	GlobalSection(SolutionConfigurationPlatforms) = preSolution
		Debug|Any CPU = Debug|Any CPU
		Release|Any CPU = Release|Any CPU
	EndGlobalSection
	GlobalSection(ProjectConfigurationPlatforms) = postSolution
		{59823982-F863-438E-B2F8-DF20A214A445}.Debug|Any CPU.ActiveCfg = Debug|Any CPU
		{59823982-F863-438E-B2F8-DF20A214A445}.Debug|Any CPU.Build.0 = Debug|Any CPU
		{59823982-F863-438E-B2F8-DF20A214A445}.Release|Any CPU.ActiveCfg = Release|Any CPU
		{59823982-F863-438E-B2F8-DF20A214A445}.Release|Any CPU.Build.0 = Release|Any CPU
		{45AC45BA-452D-4505-A90D-0BD9DC74C7E2}.Debug|Any CPU.ActiveCfg = Debug|Any CPU
		{45AC45BA-452D-4505-A90D-0BD9DC74C7E2}.Debug|Any CPU.Build.0 = Debug|Any CPU
		{45AC45BA-452D-4505-A90D-0BD9DC74C7E2}.Release|Any CPU.ActiveCfg = Release|Any CPU
		{45AC45BA-452D-4505-A90D-0BD9DC74C7E2}.Release|Any CPU.Build.0 = Release|Any CPU
	EndGlobalSection
	GlobalSection(SolutionProperties) = preSolution
		HideSolutionNode = FALSE
	EndGlobalSection
EndGlobal
